Microsoft Visual Studio Solution File, Format Version 12.00
# Visual Studio Version 17
VisualStudioVersion = 17.5.2.0
MinimumVisualStudioVersion = 10.0.40219.1
Project("{FAE04EC0-301F-11D3-BF4B-00C04F79EFBC}") = "VariaveisNumericas", "VariaveisNumericas.csproj", "{753CC814-0926-7107-4839-51A868BFD3F0}"
EndProject
Global
	GlobalSection(SolutionConfigurationPlatforms) = preSolution
		Debug|Any CPU = Debug|Any CPU
		Release|Any CPU = Release|Any CPU
	EndGlobalSection
	GlobalSection(ProjectConfigurationPlatforms) = postSolution
		{753CC814-0926-7107-4839-51A868BFD3F0}.Debug|Any CPU.ActiveCfg = Debug|Any CPU
		{753CC814-0926-7107-4839-51A868BFD3F0}.Debug|Any CPU.Build.0 = Debug|Any CPU
		{753CC814-0926-7107-4839-51A868BFD3F0}.Release|Any CPU.ActiveCfg = Release|Any CPU
		{753CC814-0926-7107-4839-51A868BFD3F0}.Release|Any CPU.Build.0 = Release|Any CPU
	EndGlobalSection
	GlobalSection(SolutionProperties) = preSolution
		HideSolutionNode = FALSE
	EndGlobalSection
	GlobalSection(ExtensibilityGlobals) = postSolution
		SolutionGuid = {8080B8BE-9D67-4CE1-A55C-F4B19B8D53A1}
	EndGlobalSection
EndGlobal
